PODS:
  - Alamofire (4.9.0)
  - HHPageView (0.1.6)
  - Kingfisher (4.10.1)

DEPENDENCIES:
  - Alamofire
  - HHPageView
  - Kingfisher

SPEC REPOS:
  https://github.com/aStudyer/HHSpecs.git:
    - HHPageView
  https://github.com/cocoapods/specs.git:
    - Alamofire
    - Kingfisher

SPEC CHECKSUMS:
  Alamofire: afc3e7c6db61476cb45cdd23fed06bad03bbc321
  HHPageView: b9081fc0417dadbe656dcde5c8200cc48b928375
  Kingfisher: c148cd7b47ebde9989f6bc7c27dcaa79d81279a0

PODFILE CHECKSUM: 9dd3682d9070649f51f468800ff77bf5d31b1e74

COCOAPODS: 1.6.1
